
Microsoft Visual Studio Solution File, Format Version 12.00
# Visual Studio 15
VisualStudioVersion = 15.0.27705.2000
MinimumVisualStudioVersion = 10.0.40219.1
Project("{FAE04EC0-301F-11D3-BF4B-00C04F79EFBC}") = "Chap18 - Making Your Own Classes", "Chap18 - Making Your Own Classes\Chap18 - Making Your Own Classes.csproj", "{203888AA-90FD-43C2-A14D-0B104F132FF3}"
EndProject
Global
	GlobalSection(SolutionConfigurationPlatforms) = preSolution
		Debug|Any CPU = Debug|Any CPU
		Release|Any CPU = Release|Any CPU
	EndGlobalSection
	GlobalSection(ProjectConfigurationPlatforms) = postSolution
		{203888AA-90FD-43C2-A14D-0B104F132FF3}.Debug|Any CPU.ActiveCfg = Debug|Any CPU
		{203888AA-90FD-43C2-A14D-0B104F132FF3}.Debug|Any CPU.Build.0 = Debug|Any CPU
		{203888AA-90FD-43C2-A14D-0B104F132FF3}.Release|Any CPU.ActiveCfg = Release|Any CPU
		{203888AA-90FD-43C2-A14D-0B104F132FF3}.Release|Any CPU.Build.0 = Release|Any CPU
	EndGlobalSection
	GlobalSection(SolutionProperties) = preSolution
		HideSolutionNode = FALSE
	EndGlobalSection
	GlobalSection(ExtensibilityGlobals) = postSolution
		SolutionGuid = {D46B9FB1-72CF-45D6-B2CB-C6E589FBEBF0}
	EndGlobalSection
EndGlobal
